// !$*UTF8*$!
{
	archiveVersion = 1;
	classes = {
	};
	objectVersion = 46;
	objects = {

/* Begin PBXBuildFile section */
		629C3FB91EE05E0000A9BC8C /* AppDelegate.swift in Sources */ = {isa = PBXBuildFile; fileRef = 629C3FB81EE05E0000A9BC8C /* AppDelegate.swift */; };
		629C3FBB1EE05E0000A9BC8C /* ViewController.swift in Sources */ = {isa = PBXBuildFile; fileRef = 629C3FBA1EE05E0000A9BC8C /* ViewController.swift */; };
		629C3FBE1EE05E0000A9BC8C /* Main.storyboard in Resources */ = {isa = PBXBuildFile; fileRef = 629C3FBC1EE05E0000A9BC8C /* Main.storyboard */; };
		629C3FC11EE05E0000A9BC8C /* Calendar_base.xcdatamodeld in Sources */ = {isa = PBXBuildFile; fileRef = 629C3FBF1EE05E0000A9BC8C /* Calendar_base.xcdatamodeld */; };
		629C3FC31EE05E0000A9BC8C /* Assets.xcassets in Resources */ = {isa = PBXBuildFile; fileRef = 629C3FC21EE05E0000A9BC8C /* Assets.xcassets */; };
		629C3FC61EE05E0000A9BC8C /* LaunchScreen.storyboard in Resources */ = {isa = PBXBuildFile; fileRef = 629C3FC41EE05E0000A9BC8C /* LaunchScreen.storyboard */; };
/* End PBXBuildFile section */

/* Begin PBXFileReference section */
		629C3FB51EE05E0000A9BC8C /* Calendar_base.app */ = {isa = PBXFileReference; explicitFileType = wrapper.application; includeInIndex = 0; path = Calendar_base.app; sourceTree = BUILT_PRODUCTS_DIR; };
		629C3FB81EE05E0000A9BC8C /* AppDelegate.swift */ = {isa = PBXFileReference; lastKnownFileType = sourcecode.swift; path = AppDelegate.swift; sourceTree = "<group>"; };
		629C3FBA1EE05E0000A9BC8C /* ViewController.swift */ = {isa = PBXFileReference; lastKnownFileType = sourcecode.swift; path = ViewController.swift; sourceTree = "<group>"; };
		629C3FBD1EE05E0000A9BC8C /* Base */ = {isa = PBXFileReference; lastKnownFileType = file.storyboard; name = Base; path = Base.lproj/Main.storyboard; sourceTree = "<group>"; };
		629C3FC01EE05E0000A9BC8C /* Calendar_base.xcdatamodel */ = {isa = PBXFileReference; lastKnownFileType = wrapper.xcdatamodel; path = Calendar_base.xcdatamodel; sourceTree = "<group>"; };
		629C3FC21EE05E0000A9BC8C /* Assets.xcassets */ = {isa = PBXFileReference; lastKnownFileType = folder.assetcatalog; path = Assets.xcassets; sourceTree = "<group>"; };
		629C3FC51EE05E0000A9BC8C /* Base */ = {isa = PBXFileReference; lastKnownFileType = file.storyboard; name = Base; path = Base.lproj/LaunchScreen.storyboard; sourceTree = "<group>"; };
		629C3FC71EE05E0000A9BC8C /* Info.plist */ = {isa = PBXFileReference; lastKnownFileType = text.plist.xml; path = Info.plist; sourceTree = "<group>"; };
/* End PBXFileReference section */

/* Begin PBXFrameworksBuildPhase section */
		629C3FB21EE05E0000A9BC8C /* Frameworks */ = {
			isa = PBXFrameworksBuildPhase;
			buildActionMask = 2147483647;
			files = (
			);
			runOnlyForDeploymentPostprocessing = 0;
		};
/* End PBXFrameworksBuildPhase section */

/* Begin PBXGroup section */
		629C3FAC1EE05E0000A9BC8C = {
			isa = PBXGroup;
			children = (
				629C3FB71EE05E0000A9BC8C /* Calendar_base */,
				629C3FB61EE05E0000A9BC8C /* Products */,
			);
			sourceTree = "<group>";
		};
		629C3FB61EE05E0000A9BC8C /* Products */ = {
			isa = PBXGroup;
			children = (
				629C3FB51EE05E0000A9BC8C /* Calendar_base.app */,
			);
			name = Products;
			sourceTree = "<group>";
		};
		629C3FB71EE05E0000A9BC8C /* Calendar_base */ = {
			isa = PBXGroup;
			children = (
				629C3FB81EE05E0000A9BC8C /* AppDelegate.swift */,
				629C3FBA1EE05E0000A9BC8C /* ViewController.swift */,
				629C3FBC1EE05E0000A9BC8C /* Main.storyboard */,
				629C3FC21EE05E0000A9BC8C /* Assets.xcassets */,
				629C3FC41EE05E0000A9BC8C /* LaunchScreen.storyboard */,
				629C3FC71EE05E0000A9BC8C /* Info.plist */,
				629C3FBF1EE05E0000A9BC8C /* Calendar_base.xcdatamodeld */,
			);
			path = Calendar_base;
			sourceTree = "<group>";
		};
/* End PBXGroup section */

/* Begin PBXNativeTarget section */
		629C3FB41EE05E0000A9BC8C /* Calendar_base */ = {
			isa = PBXNativeTarget;
			buildConfigurationList = 629C3FCA1EE05E0000A9BC8C /* Build configuration list for PBXNativeTarget "Calendar_base" */;
			buildPhases = (
				629C3FB11EE05E0000A9BC8C /* Sources */,
				629C3FB21EE05E0000A9BC8C /* Frameworks */,
				629C3FB31EE05E0000A9BC8C /* Resources */,
			);
			buildRules = (
			);
			dependencies = (
			);
			name = Calendar_base;
			productName = Calendar_base;
			productReference = 629C3FB51EE05E0000A9BC8C /* Calendar_base.app */;
			productType = "com.apple.product-type.application";
		};
/* End PBXNativeTarget section */

/* Begin PBXProject section */
		629C3FAD1EE05E0000A9BC8C /* Project object */ = {
			isa = PBXProject;
			attributes = {
				LastSwiftUpdateCheck = 0830;
				LastUpgradeCheck = 0830;
				ORGANIZATIONNAME = "Anan Lappikulthong";
				TargetAttributes = {
					629C3FB41EE05E0000A9BC8C = {
						CreatedOnToolsVersion = 8.3.2;
						ProvisioningStyle = Automatic;
					};
				};
			};
			buildConfigurationList = 629C3FB01EE05E0000A9BC8C /* Build configuration list for PBXProject "Calendar_base" */;
			compatibilityVersion = "Xcode 3.2";
			developmentRegion = English;
			hasScannedForEncodings = 0;
			knownRegions = (
				en,
				Base,
			);
			mainGroup = 629C3FAC1EE05E0000A9BC8C;
			productRefGroup = 629C3FB61EE05E0000A9BC8C /* Products */;
			projectDirPath = "";
			projectRoot = "";
			targets = (
				629C3FB41EE05E0000A9BC8C /* Calendar_base */,
			);
		};
/* End PBXProject section */

/* Begin PBXResourcesBuildPhase section */
		629C3FB31EE05E0000A9BC8C /* Resources */ = {
			isa = PBXResourcesBuildPhase;
			buildActionMask = 2147483647;
			files = (
				629C3FC61EE05E0000A9BC8C /* LaunchScreen.storyboard in Resources */,
				629C3FC31EE05E0000A9BC8C /* Assets.xcassets in Resources */,
				629C3FBE1EE05E0000A9BC8C /* Main.storyboard in Resources */,
			);
			runOnlyForDeploymentPostprocessing = 0;
		};
/* End PBXResourcesBuildPhase section */

/* Begin PBXSourcesBuildPhase section */
		629C3FB11EE05E0000A9BC8C /* Sources */ = {
			isa = PBXSourcesBuildPhase;
			buildActionMask = 2147483647;
			files = (
				629C3FBB1EE05E0000A9BC8C /* ViewController.swift in Sources */,
				629C3FB91EE05E0000A9BC8C /* AppDelegate.swift in Sources */,
				629C3FC11EE05E0000A9BC8C /* Calendar_base.xcdatamodeld in Sources */,
			);
			runOnlyForDeploymentPostprocessing = 0;
		};
/* End PBXSourcesBuildPhase section */

/* Begin PBXVariantGroup section */
		629C3FBC1EE05E0000A9BC8C /* Main.storyboard */ = {
			isa = PBXVariantGroup;
			children = (
				629C3FBD1EE05E0000A9BC8C /* Base */,
			);
			name = Main.storyboard;
			sourceTree = "<group>";
		};
		629C3FC41EE05E0000A9BC8C /* LaunchScreen.storyboard */ = {
			isa = PBXVariantGroup;
			children = (
				629C3FC51EE05E0000A9BC8C /* Base */,
			);
			name = LaunchScreen.storyboard;
			sourceTree = "<group>";
		};
/* End PBXVariantGroup section */

/* Begin XCBuildConfiguration section */
		629C3FC81EE05E0000A9BC8C /* Debug */ = {
			isa = XCBuildConfiguration;
			buildSettings = {
				ALWAYS_SEARCH_USER_PATHS = NO;
				CLANG_ANALYZER_NONNULL = YES;
				CLANG_ANALYZER_NUMBER_OBJECT_CONVERSION = YES_AGGRESSIVE;
				CLANG_CXX_LANGUAGE_STANDARD = "gnu++0x";
				CLANG_CXX_LIBRARY = "libc++";
				CLANG_ENABLE_MODULES = YES;
				CLANG_ENABLE_OBJC_ARC = YES;
				CLANG_WARN_BOOL_CONVERSION = YES;
				CLANG_WARN_CONSTANT_CONVERSION = YES;
				CLANG_WARN_DIRECT_OBJC_ISA_USAGE = YES_ERROR;
				CLANG_WARN_DOCUMENTATION_COMMENTS = YES;
				CLANG_WARN_EMPTY_BODY = YES;
				CLANG_WARN_ENUM_CONVERSION = YES;
				CLANG_WARN_INFINITE_RECURSION = YES;
				CLANG_WARN_INT_CONVERSION = YES;
				CLANG_WARN_OBJC_ROOT_CLASS = YES_ERROR;
				CLANG_WARN_SUSPICIOUS_MOVE = YES;
				CLANG_WARN_UNREACHABLE_CODE = YES;
				CLANG_WARN__DUPLICATE_METHOD_MATCH = YES;
				"CODE_SIGN_IDENTITY[sdk=iphoneos*]" = "iPhone Developer";
				COPY_PHASE_STRIP = NO;
				DEBUG_INFORMATION_FORMAT = dwarf;
				ENABLE_STRICT_OBJC_MSGSEND = YES;
				ENABLE_TESTABILITY = YES;
				GCC_C_LANGUAGE_STANDARD = gnu99;
				GCC_DYNAMIC_NO_PIC = NO;
				GCC_NO_COMMON_BLOCKS = YES;
				GCC_OPTIMIZATION_LEVEL = 0;
				GCC_PREPROCESSOR_DEFINITIONS = (
					"DEBUG=1",
					"$(inherited)",
				);
				GCC_WARN_64_TO_32_BIT_CONVERSION = YES;
				GCC_WARN_ABOUT_RETURN_TYPE = YES_ERROR;
				GCC_WARN_UNDECLARED_SELECTOR = YES;
				GCC_WARN_UNINITIALIZED_AUTOS = YES_AGGRESSIVE;
				GCC_WARN_UNUSED_FUNCTION = YES;
				GCC_WARN_UNUSED_VARIABLE = YES;
				IPHONEOS_DEPLOYMENT_TARGET = 10.3;
				MTL_ENABLE_DEBUG_INFO = YES;
				ONLY_ACTIVE_ARCH = YES;
				SDKROOT = iphoneos;
				SWIFT_ACTIVE_COMPILATION_CONDITIONS = DEBUG;
				SWIFT_OPTIMIZATION_LEVEL = "-Onone";
				TARGETED_DEVICE_FAMILY = "1,2";
			};
			name = Debug;
		};
		629C3FC91EE05E0000A9BC8C /* Release */ = {
			isa = XCBuildConfiguration;
			buildSettings = {
				ALWAYS_SEARCH_USER_PATHS = NO;
				CLANG_ANALYZER_NONNULL = YES;
				CLANG_ANALYZER_NUMBER_OBJECT_CONVERSION = YES_AGGRESSIVE;
				CLANG_CXX_LANGUAGE_STANDARD = "gnu++0x";
				CLANG_CXX_LIBRARY = "libc++";
				CLANG_ENABLE_MODULES = YES;
				CLANG_ENABLE_OBJC_ARC = YES;
				CLANG_WARN_BOOL_CONVERSION = YES;
				CLANG_WARN_CONSTANT_CONVERSION = YES;
				CLANG_WARN_DIRECT_OBJC_ISA_USAGE = YES_ERROR;
				CLANG_WARN_DOCUMENTATION_COMMENTS = YES;
				CLANG_WARN_EMPTY_BODY = YES;
				CLANG_WARN_ENUM_CONVERSION = YES;
				CLANG_WARN_INFINITE_RECURSION = YES;
				CLANG_WARN_INT_CONVERSION = YES;
				CLANG_WARN_OBJC_ROOT_CLASS = YES_ERROR;
				CLANG_WARN_SUSPICIOUS_MOVE = YES;
				CLANG_WARN_UNREACHABLE_CODE = YES;
				CLANG_WARN__DUPLICATE_METHOD_MATCH = YES;
				"CODE_SIGN_IDENTITY[sdk=iphoneos*]" = "iPhone Developer";
				COPY_PHASE_STRIP = NO;
				DEBUG_INFORMATION_FORMAT = "dwarf-with-dsym";
				ENABLE_NS_ASSERTIONS = NO;
				ENABLE_STRICT_OBJC_MSGSEND = YES;
				GCC_C_LANGUAGE_STANDARD = gnu99;
				GCC_NO_COMMON_BLOCKS = YES;
				GCC_WARN_64_TO_32_BIT_CONVERSION = YES;
				GCC_WARN_ABOUT_RETURN_TYPE = YES_ERROR;
				GCC_WARN_UNDECLARED_SELECTOR = YES;
				GCC_WARN_UNINITIALIZED_AUTOS = YES_AGGRESSIVE;
				GCC_WARN_UNUSED_FUNCTION = YES;
				GCC_WARN_UNUSED_VARIABLE = YES;
				IPHONEOS_DEPLOYMENT_TARGET = 10.3;
				MTL_ENABLE_DEBUG_INFO = NO;
				SDKROOT = iphoneos;
				SWIFT_OPTIMIZATION_LEVEL = "-Owholemodule";
				TARGETED_DEVICE_FAMILY = "1,2";
				VALIDATE_PRODUCT = YES;
			};
			name = Release;
		};
		629C3FCB1EE05E0000A9BC8C /* Debug */ = {
			isa = XCBuildConfiguration;
			buildSettings = {
				ASSETCATALOG_COMPILER_APPICON_NAME = AppIcon;
				INFOPLIST_FILE = Calendar_base/Info.plist;
				LD_RUNPATH_SEARCH_PATHS = "$(inherited) @executable_path/Frameworks";
				PRODUCT_BUNDLE_IDENTIFIER = "Ananlap.Calendar-base";
				PRODUCT_NAME = "$(TARGET_NAME)";
				SWIFT_VERSION = 3.0;
			};
			name = Debug;
		};
		629C3FCC1EE05E0000A9BC8C /* Release */ = {
			isa = XCBuildConfiguration;
			buildSettings = {
				ASSETCATALOG_COMPILER_APPICON_NAME = AppIcon;
				INFOPLIST_FILE = Calendar_base/Info.plist;
				LD_RUNPATH_SEARCH_PATHS = "$(inherited) @executable_path/Frameworks";
				PRODUCT_BUNDLE_IDENTIFIER = "Ananlap.Calendar-base";
				PRODUCT_NAME = "$(TARGET_NAME)";
				SWIFT_VERSION = 3.0;
			};
			name = Release;
		};
/* End XCBuildConfiguration section */

/* Begin XCConfigurationList section */
		629C3FB01EE05E0000A9BC8C /* Build configuration list for PBXProject "Calendar_base" */ = {
			isa = XCConfigurationList;
			buildConfigurations = (
				629C3FC81EE05E0000A9BC8C /* Debug */,
				629C3FC91EE05E0000A9BC8C /* Release */,
			);
			defaultConfigurationIsVisible = 0;
			defaultConfigurationName = Release;
		};
		629C3FCA1EE05E0000A9BC8C /* Build configuration list for PBXNativeTarget "Calendar_base" */ = {
			isa = XCConfigurationList;
			buildConfigurations = (
				629C3FCB1EE05E0000A9BC8C /* Debug */,
				629C3FCC1EE05E0000A9BC8C /* Release */,
			);
			defaultConfigurationIsVisible = 0;
			defaultConfigurationName = Release;
		};
/* End XCConfigurationList section */

/* Begin XCVersionGroup section */
		629C3FBF1EE05E0000A9BC8C /* Calendar_base.xcdatamodeld */ = {
			isa = XCVersionGroup;
			children = (
				629C3FC01EE05E0000A9BC8C /* Calendar_base.xcdatamodel */,
			);
			currentVersion = 629C3FC01EE05E0000A9BC8C /* Calendar_base.xcdatamodel */;
			path = Calendar_base.xcdatamodeld;
			sourceTree = "<group>";
			versionGroupType = wrapper.xcdatamodel;
		};
/* End XCVersionGroup section */
	};
	rootObject = 629C3FAD1EE05E0000A9BC8C /* Project object */;
}
